
Microsoft Visual Studio Solution File, Format Version 12.00
# Visual Studio Version 16
VisualStudioVersion = 16.0.30011.22
MinimumVisualStudioVersion = 10.0.40219.1
Project("{9A19103F-16F7-4668-BE54-9A1E7A4F7556}") = "BookListRazon", "BookListRazon\BookListRazon.csproj", "{61134249-927C-4A16-8527-E464B5976765}"
EndProject
Global
	GlobalSection(SolutionConfigurationPlatforms) = preSolution
		Debug|Any CPU = Debug|Any CPU
		Release|Any CPU = Release|Any CPU
	EndGlobalSection
	GlobalSection(ProjectConfigurationPlatforms) = postSolution
		{61134249-927C-4A16-8527-E464B5976765}.Debug|Any CPU.ActiveCfg = Debug|Any CPU
		{61134249-927C-4A16-8527-E464B5976765}.Debug|Any CPU.Build.0 = Debug|Any CPU
		{61134249-927C-4A16-8527-E464B5976765}.Release|Any CPU.ActiveCfg = Release|Any CPU
		{61134249-927C-4A16-8527-E464B5976765}.Release|Any CPU.Build.0 = Release|Any CPU
	EndGlobalSection
	GlobalSection(SolutionProperties) = preSolution
		HideSolutionNode = FALSE
	EndGlobalSection
	GlobalSection(ExtensibilityGlobals) = postSolution
		SolutionGuid = {9704C30E-0D69-4C43-8990-7BB047B138E2}
	EndGlobalSection
EndGlobal
